
Microsoft Visual Studio Solution File, Format Version 12.00
# Visual Studio Version 17
VisualStudioVersion = 17.0.31903.59
MinimumVisualStudioVersion = 10.0.40219.1
Project("{FAE04EC0-301F-11D3-BF4B-00C04F79EFBC}") = "Authentication.DomainLayer", "Authentication.DomainLayer\Authentication.DomainLayer.csproj", "{BA6914B9-3A39-4A51-990D-7F4B8FBE783B}"
EndProject
Global
	GlobalSection(SolutionConfigurationPlatforms) = preSolution
		Debug|Any CPU = Debug|Any CPU
		Release|Any CPU = Release|Any CPU
	EndGlobalSection
	GlobalSection(ProjectConfigurationPlatforms) = postSolution
		{BA6914B9-3A39-4A51-990D-7F4B8FBE783B}.Debug|Any CPU.ActiveCfg = Debug|Any CPU
		{BA6914B9-3A39-4A51-990D-7F4B8FBE783B}.Debug|Any CPU.Build.0 = Debug|Any CPU
		{BA6914B9-3A39-4A51-990D-7F4B8FBE783B}.Release|Any CPU.ActiveCfg = Release|Any CPU
		{BA6914B9-3A39-4A51-990D-7F4B8FBE783B}.Release|Any CPU.Build.0 = Release|Any CPU
	EndGlobalSection
	GlobalSection(SolutionProperties) = preSolution
		HideSolutionNode = FALSE
	EndGlobalSection
	GlobalSection(ExtensibilityGlobals) = postSolution
		SolutionGuid = {C86ACC99-BA4B-44EC-9853-7B9818F3B5DE}
	EndGlobalSection
EndGlobal
