
Microsoft Visual Studio Solution File, Format Version 12.00
# Visual Studio Version 17
VisualStudioVersion = 17.0.31903.59
MinimumVisualStudioVersion = 10.0.40219.1
Project("{9A19103F-16F7-4668-BE54-9A1E7A4F7556}") = "Authentication.DomainLayer", "Services\Authentication\Authentication.DomainLayer\Authentication.DomainLayer.csproj", "{03A0CD2D-4C22-4B7C-955A-16EA78DA017A}"
EndProject
Project("{9A19103F-16F7-4668-BE54-9A1E7A4F7556}") = "Cryptography", "Libs\Cryptography\Cryptography.csproj", "{C06654CC-3874-4A02-AB0B-C760F5A229D5}"
EndProject
Project("{9A19103F-16F7-4668-BE54-9A1E7A4F7556}") = "Authentication.BusinessLayer", "Services\Authentication\Authentication.BusinessLayer\Authentication.BusinessLayer.csproj", "{5848F94B-13A3-4E39-AD4A-6F4EC8C7CEEE}"
EndProject
Project("{9A19103F-16F7-4668-BE54-9A1E7A4F7556}") = "CustomResponseLib", "Libs\CustomResponse\CustomResponseLib.csproj", "{0E865C12-8C3B-4813-83DC-50FEE7B6BAFE}"
EndProject
Project("{9A19103F-16F7-4668-BE54-9A1E7A4F7556}") = "Authentication.Api", "Services\Authentication\Authentication.Api\Authentication.Api.csproj", "{7DEE08E8-E0CA-475C-850B-99A4C5C1E52C}"
EndProject
Project("{2150E333-8FDC-42A3-9474-1A3956D46DE8}") = "Services", "Services", "{883874F2-218C-4B89-A834-61AF07E904C5}"
EndProject
Project("{2150E333-8FDC-42A3-9474-1A3956D46DE8}") = "Authentication", "Authentication", "{D056C406-FD4B-448A-9FE4-5F93C2EA7A11}"
EndProject
Project("{2150E333-8FDC-42A3-9474-1A3956D46DE8}") = "Libs", "Libs", "{43E948E0-59BE-4F1F-92A0-0A94F844FE62}"
EndProject
Project("{9A19103F-16F7-4668-BE54-9A1E7A4F7556}") = "Communication.DomainLayer", "Services\Communication\Communication.DomainLayer\Communication.DomainLayer.csproj", "{822CBF47-D0E9-40F7-AA35-61D1BE158C1A}"
EndProject
Project("{2150E333-8FDC-42A3-9474-1A3956D46DE8}") = "Communication", "Communication", "{0A1E6CA3-6CCF-4BE0-8CEF-C006038004CC}"
EndProject
Project("{9A19103F-16F7-4668-BE54-9A1E7A4F7556}") = "Communication.BusinessLayer", "Services\Communication\Communication.BusinessLayer\Communication.BusinessLayer.csproj", "{3415AF1F-8C27-41E0-B6BB-68606074B52B}"
EndProject
Project("{9A19103F-16F7-4668-BE54-9A1E7A4F7556}") = "Communication.Api", "Services\Communication\Communication.Api\Communication.Api.csproj", "{43B9CAF4-49E4-4007-AAA9-9ED359440959}"
EndProject
Project("{2150E333-8FDC-42A3-9474-1A3956D46DE8}") = "Gateway", "Gateway", "{6C865085-6893-4796-90B1-5B2A570EC461}"
EndProject
Project("{9A19103F-16F7-4668-BE54-9A1E7A4F7556}") = "OcelotApiGateway", "Gateway\OcelotApiGateway\OcelotApiGateway.csproj", "{677EE197-E732-4F90-8371-E13E04B32EC6}"
EndProject
Project("{FAE04EC0-301F-11D3-BF4B-00C04F79EFBC}") = "EventBus", "Services\EventBus\EventBus\EventBus.csproj", "{71BF0945-0CF2-4094-AB83-B869DFBC02A9}"
EndProject
Project("{2150E333-8FDC-42A3-9474-1A3956D46DE8}") = "EventBus", "EventBus", "{F105D003-6E94-4906-A95B-C83FBCA0908B}"
EndProject
Global
	GlobalSection(SolutionConfigurationPlatforms) = preSolution
		Debug|Any CPU = Debug|Any CPU
		Release|Any CPU = Release|Any CPU
	EndGlobalSection
	GlobalSection(ProjectConfigurationPlatforms) = postSolution
		{03A0CD2D-4C22-4B7C-955A-16EA78DA017A}.Debug|Any CPU.ActiveCfg = Debug|Any CPU
		{03A0CD2D-4C22-4B7C-955A-16EA78DA017A}.Debug|Any CPU.Build.0 = Debug|Any CPU
		{03A0CD2D-4C22-4B7C-955A-16EA78DA017A}.Release|Any CPU.ActiveCfg = Release|Any CPU
		{03A0CD2D-4C22-4B7C-955A-16EA78DA017A}.Release|Any CPU.Build.0 = Release|Any CPU
		{C06654CC-3874-4A02-AB0B-C760F5A229D5}.Debug|Any CPU.ActiveCfg = Debug|Any CPU
		{C06654CC-3874-4A02-AB0B-C760F5A229D5}.Debug|Any CPU.Build.0 = Debug|Any CPU
		{C06654CC-3874-4A02-AB0B-C760F5A229D5}.Release|Any CPU.ActiveCfg = Release|Any CPU
		{C06654CC-3874-4A02-AB0B-C760F5A229D5}.Release|Any CPU.Build.0 = Release|Any CPU
		{5848F94B-13A3-4E39-AD4A-6F4EC8C7CEEE}.Debug|Any CPU.ActiveCfg = Debug|Any CPU
		{5848F94B-13A3-4E39-AD4A-6F4EC8C7CEEE}.Debug|Any CPU.Build.0 = Debug|Any CPU
		{5848F94B-13A3-4E39-AD4A-6F4EC8C7CEEE}.Release|Any CPU.ActiveCfg = Release|Any CPU
		{5848F94B-13A3-4E39-AD4A-6F4EC8C7CEEE}.Release|Any CPU.Build.0 = Release|Any CPU
		{0E865C12-8C3B-4813-83DC-50FEE7B6BAFE}.Debug|Any CPU.ActiveCfg = Debug|Any CPU
		{0E865C12-8C3B-4813-83DC-50FEE7B6BAFE}.Debug|Any CPU.Build.0 = Debug|Any CPU
		{0E865C12-8C3B-4813-83DC-50FEE7B6BAFE}.Release|Any CPU.ActiveCfg = Release|Any CPU
		{0E865C12-8C3B-4813-83DC-50FEE7B6BAFE}.Release|Any CPU.Build.0 = Release|Any CPU
		{7DEE08E8-E0CA-475C-850B-99A4C5C1E52C}.Debug|Any CPU.ActiveCfg = Debug|Any CPU
		{7DEE08E8-E0CA-475C-850B-99A4C5C1E52C}.Debug|Any CPU.Build.0 = Debug|Any CPU
		{7DEE08E8-E0CA-475C-850B-99A4C5C1E52C}.Release|Any CPU.ActiveCfg = Release|Any CPU
		{7DEE08E8-E0CA-475C-850B-99A4C5C1E52C}.Release|Any CPU.Build.0 = Release|Any CPU
		{822CBF47-D0E9-40F7-AA35-61D1BE158C1A}.Debug|Any CPU.ActiveCfg = Debug|Any CPU
		{822CBF47-D0E9-40F7-AA35-61D1BE158C1A}.Debug|Any CPU.Build.0 = Debug|Any CPU
		{822CBF47-D0E9-40F7-AA35-61D1BE158C1A}.Release|Any CPU.ActiveCfg = Release|Any CPU
		{822CBF47-D0E9-40F7-AA35-61D1BE158C1A}.Release|Any CPU.Build.0 = Release|Any CPU
		{3415AF1F-8C27-41E0-B6BB-68606074B52B}.Debug|Any CPU.ActiveCfg = Debug|Any CPU
		{3415AF1F-8C27-41E0-B6BB-68606074B52B}.Debug|Any CPU.Build.0 = Debug|Any CPU
		{3415AF1F-8C27-41E0-B6BB-68606074B52B}.Release|Any CPU.ActiveCfg = Release|Any CPU
		{3415AF1F-8C27-41E0-B6BB-68606074B52B}.Release|Any CPU.Build.0 = Release|Any CPU
		{43B9CAF4-49E4-4007-AAA9-9ED359440959}.Debug|Any CPU.ActiveCfg = Debug|Any CPU
		{43B9CAF4-49E4-4007-AAA9-9ED359440959}.Debug|Any CPU.Build.0 = Debug|Any CPU
		{43B9CAF4-49E4-4007-AAA9-9ED359440959}.Release|Any CPU.ActiveCfg = Release|Any CPU
		{43B9CAF4-49E4-4007-AAA9-9ED359440959}.Release|Any CPU.Build.0 = Release|Any CPU
		{677EE197-E732-4F90-8371-E13E04B32EC6}.Debug|Any CPU.ActiveCfg = Debug|Any CPU
		{677EE197-E732-4F90-8371-E13E04B32EC6}.Debug|Any CPU.Build.0 = Debug|Any CPU
		{677EE197-E732-4F90-8371-E13E04B32EC6}.Release|Any CPU.ActiveCfg = Release|Any CPU
		{677EE197-E732-4F90-8371-E13E04B32EC6}.Release|Any CPU.Build.0 = Release|Any CPU
		{71BF0945-0CF2-4094-AB83-B869DFBC02A9}.Debug|Any CPU.ActiveCfg = Debug|Any CPU
		{71BF0945-0CF2-4094-AB83-B869DFBC02A9}.Debug|Any CPU.Build.0 = Debug|Any CPU
		{71BF0945-0CF2-4094-AB83-B869DFBC02A9}.Release|Any CPU.ActiveCfg = Release|Any CPU
		{71BF0945-0CF2-4094-AB83-B869DFBC02A9}.Release|Any CPU.Build.0 = Release|Any CPU
	EndGlobalSection
	GlobalSection(SolutionProperties) = preSolution
		HideSolutionNode = FALSE
	EndGlobalSection
	GlobalSection(NestedProjects) = preSolution
		{03A0CD2D-4C22-4B7C-955A-16EA78DA017A} = {D056C406-FD4B-448A-9FE4-5F93C2EA7A11}
		{C06654CC-3874-4A02-AB0B-C760F5A229D5} = {43E948E0-59BE-4F1F-92A0-0A94F844FE62}
		{5848F94B-13A3-4E39-AD4A-6F4EC8C7CEEE} = {D056C406-FD4B-448A-9FE4-5F93C2EA7A11}
		{0E865C12-8C3B-4813-83DC-50FEE7B6BAFE} = {43E948E0-59BE-4F1F-92A0-0A94F844FE62}
		{7DEE08E8-E0CA-475C-850B-99A4C5C1E52C} = {D056C406-FD4B-448A-9FE4-5F93C2EA7A11}
		{D056C406-FD4B-448A-9FE4-5F93C2EA7A11} = {883874F2-218C-4B89-A834-61AF07E904C5}
		{822CBF47-D0E9-40F7-AA35-61D1BE158C1A} = {0A1E6CA3-6CCF-4BE0-8CEF-C006038004CC}
		{0A1E6CA3-6CCF-4BE0-8CEF-C006038004CC} = {883874F2-218C-4B89-A834-61AF07E904C5}
		{3415AF1F-8C27-41E0-B6BB-68606074B52B} = {0A1E6CA3-6CCF-4BE0-8CEF-C006038004CC}
		{43B9CAF4-49E4-4007-AAA9-9ED359440959} = {0A1E6CA3-6CCF-4BE0-8CEF-C006038004CC}
		{677EE197-E732-4F90-8371-E13E04B32EC6} = {6C865085-6893-4796-90B1-5B2A570EC461}
		{71BF0945-0CF2-4094-AB83-B869DFBC02A9} = {F105D003-6E94-4906-A95B-C83FBCA0908B}
		{F105D003-6E94-4906-A95B-C83FBCA0908B} = {883874F2-218C-4B89-A834-61AF07E904C5}
	EndGlobalSection
	GlobalSection(ExtensibilityGlobals) = postSolution
		SolutionGuid = {C86ACC99-BA4B-44EC-9853-7B9818F3B5DE}
	EndGlobalSection
EndGlobal
